// !$*UTF8*$!
{
	archiveVersion = 1;
	classes = {
	};
	objectVersion = 46;
	objects = {

/* Begin PBXBuildFile section */
		49C930A71A931C6800857B1A /* AppDelegate.m in Sources */ = {isa = PBXBuildFile; fileRef = 49C930A61A931C6800857B1A /* AppDelegate.m */; };
		49C930A91A931C6800857B1A /* main.m in Sources */ = {isa = PBXBuildFile; fileRef = 49C930A81A931C6800857B1A /* main.m */; };
		49C930AC1A931C6800857B1A /* ViewController.m in Sources */ = {isa = PBXBuildFile; fileRef = 49C930AB1A931C6800857B1A /* ViewController.m */; };
		49C930AE1A931C6800857B1A /* Images.xcassets in Resources */ = {isa = PBXBuildFile; fileRef = 49C930AD1A931C6800857B1A /* Images.xcassets */; };
		49C930B11A931C6800857B1A /* Main.storyboard in Resources */ = {isa = PBXBuildFile; fileRef = 49C930AF1A931C6800857B1A /* Main.storyboard */; };
		49C930BD1A931C6800857B1A /* Make_ROV___Multi_Motor_AllocationTests.m in Sources */ = {isa = PBXBuildFile; fileRef = 49C930BC1A931C6800857B1A /* Make_ROV___Multi_Motor_AllocationTests.m */; };
		49C930C81A9321E900857B1A /* EditingAllocationView.m in Sources */ = {isa = PBXBuildFile; fileRef = 49C930C71A9321E900857B1A /* EditingAllocationView.m */; };
/* End PBXBuildFile section */

/* Begin PBXContainerItemProxy section */
		49C930B71A931C6800857B1A /* PBXContainerItemProxy */ = {
			isa = PBXContainerItemProxy;
			containerPortal = 49C930981A931C6800857B1A /* Project object */;
			proxyType = 1;
			remoteGlobalIDString = 49C9309F1A931C6800857B1A;
			remoteInfo = "Make-ROV : Multi Motor Allocation";
		};
/* End PBXContainerItemProxy section */

/* Begin PBXFileReference section */
		49C930A01A931C6800857B1A /* Make-ROV : Multi Motor Allocation.app */ = {isa = PBXFileReference; explicitFileType = wrapper.application; includeInIndex = 0; path = "Make-ROV : Multi Motor Allocation.app"; sourceTree = BUILT_PRODUCTS_DIR; };
		49C930A41A931C6800857B1A /* Info.plist */ = {isa = PBXFileReference; lastKnownFileType = text.plist.xml; path = Info.plist; sourceTree = "<group>"; };
		49C930A51A931C6800857B1A /* AppDelegate.h */ = {isa = PBXFileReference; lastKnownFileType = sourcecode.c.h; path = AppDelegate.h; sourceTree = "<group>"; };
		49C930A61A931C6800857B1A /* AppDelegate.m */ = {isa = PBXFileReference; lastKnownFileType = sourcecode.c.objc; path = AppDelegate.m; sourceTree = "<group>"; };
		49C930A81A931C6800857B1A /* main.m */ = {isa = PBXFileReference; lastKnownFileType = sourcecode.c.objc; path = main.m; sourceTree = "<group>"; };
		49C930AA1A931C6800857B1A /* ViewController.h */ = {isa = PBXFileReference; lastKnownFileType = sourcecode.c.h; path = ViewController.h; sourceTree = "<group>"; };
		49C930AB1A931C6800857B1A /* ViewController.m */ = {isa = PBXFileReference; lastKnownFileType = sourcecode.c.objc; path = ViewController.m; sourceTree = "<group>"; };
		49C930AD1A931C6800857B1A /* Images.xcassets */ = {isa = PBXFileReference; lastKnownFileType = folder.assetcatalog; path = Images.xcassets; sourceTree = "<group>"; };
		49C930B01A931C6800857B1A /* Base */ = {isa = PBXFileReference; lastKnownFileType = file.storyboard; name = Base; path = Base.lproj/Main.storyboard; sourceTree = "<group>"; };
		49C930B61A931C6800857B1A /* Make-ROV : Multi Motor AllocationTests.xctest */ = {isa = PBXFileReference; explicitFileType = wrapper.cfbundle; includeInIndex = 0; path = "Make-ROV : Multi Motor AllocationTests.xctest"; sourceTree = BUILT_PRODUCTS_DIR; };
		49C930BB1A931C6800857B1A /* Info.plist */ = {isa = PBXFileReference; lastKnownFileType = text.plist.xml; path = Info.plist; sourceTree = "<group>"; };
		49C930BC1A931C6800857B1A /* Make_ROV___Multi_Motor_AllocationTests.m */ = {isa = PBXFileReference; lastKnownFileType = sourcecode.c.objc; path = "Make_ROV___Multi_Motor_AllocationTests.m"; sourceTree = "<group>"; };
		49C930C61A9321E900857B1A /* EditingAllocationView.h */ = {isa = PBXFileReference; fileEncoding = 4; lastKnownFileType = sourcecode.c.h; path = EditingAllocationView.h; sourceTree = "<group>"; };
		49C930C71A9321E900857B1A /* EditingAllocationView.m */ = {isa = PBXFileReference; fileEncoding = 4; lastKnownFileType = sourcecode.c.objc; path = EditingAllocationView.m; sourceTree = "<group>"; };
/* End PBXFileReference section */

/* Begin PBXFrameworksBuildPhase section */
		49C9309D1A931C6800857B1A /* Frameworks */ = {
			isa = PBXFrameworksBuildPhase;
			buildActionMask = 2147483647;
			files = (
			);
			runOnlyForDeploymentPostprocessing = 0;
		};
		49C930B31A931C6800857B1A /* Frameworks */ = {
			isa = PBXFrameworksBuildPhase;
			buildActionMask = 2147483647;
			files = (
			);
			runOnlyForDeploymentPostprocessing = 0;
		};
/* End PBXFrameworksBuildPhase section */

/* Begin PBXGroup section */
		49C930971A931C6800857B1A = {
			isa = PBXGroup;
			children = (
				49C930A21A931C6800857B1A /* Make-ROV : Multi Motor Allocation */,
				49C930B91A931C6800857B1A /* Make-ROV : Multi Motor AllocationTests */,
				49C930A11A931C6800857B1A /* Products */,
			);
			sourceTree = "<group>";
		};
		49C930A11A931C6800857B1A /* Products */ = {
			isa = PBXGroup;
			children = (
				49C930A01A931C6800857B1A /* Make-ROV : Multi Motor Allocation.app */,
				49C930B61A931C6800857B1A /* Make-ROV : Multi Motor AllocationTests.xctest */,
			);
			name = Products;
			sourceTree = "<group>";
		};
		49C930A21A931C6800857B1A /* Make-ROV : Multi Motor Allocation */ = {
			isa = PBXGroup;
			children = (
				49C930A51A931C6800857B1A /* AppDelegate.h */,
				49C930A61A931C6800857B1A /* AppDelegate.m */,
				49C930AA1A931C6800857B1A /* ViewController.h */,
				49C930AB1A931C6800857B1A /* ViewController.m */,
				49C930C61A9321E900857B1A /* EditingAllocationView.h */,
				49C930C71A9321E900857B1A /* EditingAllocationView.m */,
				49C930AD1A931C6800857B1A /* Images.xcassets */,
				49C930AF1A931C6800857B1A /* Main.storyboard */,
				49C930A31A931C6800857B1A /* Supporting Files */,
			);
			path = "Make-ROV : Multi Motor Allocation";
			sourceTree = "<group>";
		};
		49C930A31A931C6800857B1A /* Supporting Files */ = {
			isa = PBXGroup;
			children = (
				49C930A41A931C6800857B1A /* Info.plist */,
				49C930A81A931C6800857B1A /* main.m */,
			);
			name = "Supporting Files";
			sourceTree = "<group>";
		};
		49C930B91A931C6800857B1A /* Make-ROV : Multi Motor AllocationTests */ = {
			isa = PBXGroup;
			children = (
				49C930BC1A931C6800857B1A /* Make_ROV___Multi_Motor_AllocationTests.m */,
				49C930BA1A931C6800857B1A /* Supporting Files */,
			);
			path = "Make-ROV : Multi Motor AllocationTests";
			sourceTree = "<group>";
		};
		49C930BA1A931C6800857B1A /* Supporting Files */ = {
			isa = PBXGroup;
			children = (
				49C930BB1A931C6800857B1A /* Info.plist */,
			);
			name = "Supporting Files";
			sourceTree = "<group>";
		};
/* End PBXGroup section */

/* Begin PBXNativeTarget section */
		49C9309F1A931C6800857B1A /* Make-ROV : Multi Motor Allocation */ = {
			isa = PBXNativeTarget;
			buildConfigurationList = 49C930C01A931C6800857B1A /* Build configuration list for PBXNativeTarget "Make-ROV : Multi Motor Allocation" */;
			buildPhases = (
				49C9309C1A931C6800857B1A /* Sources */,
				49C9309D1A931C6800857B1A /* Frameworks */,
				49C9309E1A931C6800857B1A /* Resources */,
			);
			buildRules = (
			);
			dependencies = (
			);
			name = "Make-ROV : Multi Motor Allocation";
			productName = "Make-ROV : Multi Motor Allocation";
			productReference = 49C930A01A931C6800857B1A /* Make-ROV : Multi Motor Allocation.app */;
			productType = "com.apple.product-type.application";
		};
		49C930B51A931C6800857B1A /* Make-ROV : Multi Motor AllocationTests */ = {
			isa = PBXNativeTarget;
			buildConfigurationList = 49C930C31A931C6800857B1A /* Build configuration list for PBXNativeTarget "Make-ROV : Multi Motor AllocationTests" */;
			buildPhases = (
				49C930B21A931C6800857B1A /* Sources */,
				49C930B31A931C6800857B1A /* Frameworks */,
				49C930B41A931C6800857B1A /* Resources */,
			);
			buildRules = (
			);
			dependencies = (
				49C930B81A931C6800857B1A /* PBXTargetDependency */,
			);
			name = "Make-ROV : Multi Motor AllocationTests";
			productName = "Make-ROV : Multi Motor AllocationTests";
			productReference = 49C930B61A931C6800857B1A /* Make-ROV : Multi Motor AllocationTests.xctest */;
			productType = "com.apple.product-type.bundle.unit-test";
		};
/* End PBXNativeTarget section */

/* Begin PBXProject section */
		49C930981A931C6800857B1A /* Project object */ = {
			isa = PBXProject;
			attributes = {
				LastUpgradeCheck = 0610;
				ORGANIZATIONNAME = pcms.rovTeam;
				TargetAttributes = {
					49C9309F1A931C6800857B1A = {
						CreatedOnToolsVersion = 6.1;
					};
					49C930B51A931C6800857B1A = {
						CreatedOnToolsVersion = 6.1;
						TestTargetID = 49C9309F1A931C6800857B1A;
					};
				};
			};
			buildConfigurationList = 49C9309B1A931C6800857B1A /* Build configuration list for PBXProject "Make-ROV : Multi Motor Allocation" */;
			compatibilityVersion = "Xcode 3.2";
			developmentRegion = English;
			hasScannedForEncodings = 0;
			knownRegions = (
				en,
				Base,
			);
			mainGroup = 49C930971A931C6800857B1A;
			productRefGroup = 49C930A11A931C6800857B1A /* Products */;
			projectDirPath = "";
			projectRoot = "";
			targets = (
				49C9309F1A931C6800857B1A /* Make-ROV : Multi Motor Allocation */,
				49C930B51A931C6800857B1A /* Make-ROV : Multi Motor AllocationTests */,
			);
		};
/* End PBXProject section */

/* Begin PBXResourcesBuildPhase section */
		49C9309E1A931C6800857B1A /* Resources */ = {
			isa = PBXResourcesBuildPhase;
			buildActionMask = 2147483647;
			files = (
				49C930AE1A931C6800857B1A /* Images.xcassets in Resources */,
				49C930B11A931C6800857B1A /* Main.storyboard in Resources */,
			);
			runOnlyForDeploymentPostprocessing = 0;
		};
		49C930B41A931C6800857B1A /* Resources */ = {
			isa = PBXResourcesBuildPhase;
			buildActionMask = 2147483647;
			files = (
			);
			runOnlyForDeploymentPostprocessing = 0;
		};
/* End PBXResourcesBuildPhase section */

/* Begin PBXSourcesBuildPhase section */
		49C9309C1A931C6800857B1A /* Sources */ = {
			isa = PBXSourcesBuildPhase;
			buildActionMask = 2147483647;
			files = (
				49C930AC1A931C6800857B1A /* ViewController.m in Sources */,
				49C930A91A931C6800857B1A /* main.m in Sources */,
				49C930A71A931C6800857B1A /* AppDelegate.m in Sources */,
				49C930C81A9321E900857B1A /* EditingAllocationView.m in Sources */,
			);
			runOnlyForDeploymentPostprocessing = 0;
		};
		49C930B21A931C6800857B1A /* Sources */ = {
			isa = PBXSourcesBuildPhase;
			buildActionMask = 2147483647;
			files = (
				49C930BD1A931C6800857B1A /* Make_ROV___Multi_Motor_AllocationTests.m in Sources */,
			);
			runOnlyForDeploymentPostprocessing = 0;
		};
/* End PBXSourcesBuildPhase section */

/* Begin PBXTargetDependency section */
		49C930B81A931C6800857B1A /* PBXTargetDependency */ = {
			isa = PBXTargetDependency;
			target = 49C9309F1A931C6800857B1A /* Make-ROV : Multi Motor Allocation */;
			targetProxy = 49C930B71A931C6800857B1A /* PBXContainerItemProxy */;
		};
/* End PBXTargetDependency section */

/* Begin PBXVariantGroup section */
		49C930AF1A931C6800857B1A /* Main.storyboard */ = {
			isa = PBXVariantGroup;
			children = (
				49C930B01A931C6800857B1A /* Base */,
			);
			name = Main.storyboard;
			sourceTree = "<group>";
		};
/* End PBXVariantGroup section */

/* Begin XCBuildConfiguration section */
		49C930BE1A931C6800857B1A /* Debug */ = {
			isa = XCBuildConfiguration;
			buildSettings = {
				ALWAYS_SEARCH_USER_PATHS = NO;
				CLANG_CXX_LANGUAGE_STANDARD = "gnu++0x";
				CLANG_CXX_LIBRARY = "libc++";
				CLANG_ENABLE_MODULES = YES;
				CLANG_ENABLE_OBJC_ARC = YES;
				CLANG_WARN_BOOL_CONVERSION = YES;
				CLANG_WARN_CONSTANT_CONVERSION = YES;
				CLANG_WARN_DIRECT_OBJC_ISA_USAGE = YES_ERROR;
				CLANG_WARN_EMPTY_BODY = YES;
				CLANG_WARN_ENUM_CONVERSION = YES;
				CLANG_WARN_INT_CONVERSION = YES;
				CLANG_WARN_OBJC_ROOT_CLASS = YES_ERROR;
				CLANG_WARN_UNREACHABLE_CODE = YES;
				CLANG_WARN__DUPLICATE_METHOD_MATCH = YES;
				CODE_SIGN_IDENTITY = "-";
				COPY_PHASE_STRIP = NO;
				ENABLE_STRICT_OBJC_MSGSEND = YES;
				GCC_C_LANGUAGE_STANDARD = gnu99;
				GCC_DYNAMIC_NO_PIC = NO;
				GCC_OPTIMIZATION_LEVEL = 0;
				GCC_PREPROCESSOR_DEFINITIONS = (
					"DEBUG=1",
					"$(inherited)",
				);
				GCC_SYMBOLS_PRIVATE_EXTERN = NO;
				GCC_WARN_64_TO_32_BIT_CONVERSION = YES;
				GCC_WARN_ABOUT_RETURN_TYPE = YES_ERROR;
				GCC_WARN_UNDECLARED_SELECTOR = YES;
				GCC_WARN_UNINITIALIZED_AUTOS = YES_AGGRESSIVE;
				GCC_WARN_UNUSED_FUNCTION = YES;
				GCC_WARN_UNUSED_VARIABLE = YES;
				MACOSX_DEPLOYMENT_TARGET = 10.10;
				MTL_ENABLE_DEBUG_INFO = YES;
				ONLY_ACTIVE_ARCH = YES;
				SDKROOT = macosx;
			};
			name = Debug;
		};
		49C930BF1A931C6800857B1A /* Release */ = {
			isa = XCBuildConfiguration;
			buildSettings = {
				ALWAYS_SEARCH_USER_PATHS = NO;
				CLANG_CXX_LANGUAGE_STANDARD = "gnu++0x";
				CLANG_CXX_LIBRARY = "libc++";
				CLANG_ENABLE_MODULES = YES;
				CLANG_ENABLE_OBJC_ARC = YES;
				CLANG_WARN_BOOL_CONVERSION = YES;
				CLANG_WARN_CONSTANT_CONVERSION = YES;
				CLANG_WARN_DIRECT_OBJC_ISA_USAGE = YES_ERROR;
				CLANG_WARN_EMPTY_BODY = YES;
				CLANG_WARN_ENUM_CONVERSION = YES;
				CLANG_WARN_INT_CONVERSION = YES;
				CLANG_WARN_OBJC_ROOT_CLASS = YES_ERROR;
				CLANG_WARN_UNREACHABLE_CODE = YES;
				CLANG_WARN__DUPLICATE_METHOD_MATCH = YES;
				CODE_SIGN_IDENTITY = "-";
				COPY_PHASE_STRIP = YES;
				DEBUG_INFORMATION_FORMAT = "dwarf-with-dsym";
				ENABLE_NS_ASSERTIONS = NO;
				ENABLE_STRICT_OBJC_MSGSEND = YES;
				GCC_C_LANGUAGE_STANDARD = gnu99;
				GCC_WARN_64_TO_32_BIT_CONVERSION = YES;
				GCC_WARN_ABOUT_RETURN_TYPE = YES_ERROR;
				GCC_WARN_UNDECLARED_SELECTOR = YES;
				GCC_WARN_UNINITIALIZED_AUTOS = YES_AGGRESSIVE;
				GCC_WARN_UNUSED_FUNCTION = YES;
				GCC_WARN_UNUSED_VARIABLE = YES;
				MACOSX_DEPLOYMENT_TARGET = 10.10;
				MTL_ENABLE_DEBUG_INFO = NO;
				SDKROOT = macosx;
			};
			name = Release;
		};
		49C930C11A931C6800857B1A /* Debug */ = {
			isa = XCBuildConfiguration;
			buildSettings = {
				ASSETCATALOG_COMPILER_APPICON_NAME = AppIcon;
				COMBINE_HIDPI_IMAGES = YES;
				INFOPLIST_FILE = "Make-ROV : Multi Motor Allocation/Info.plist";
				LD_RUNPATH_SEARCH_PATHS = "$(inherited) @executable_path/../Frameworks";
				PRODUCT_NAME = "$(TARGET_NAME)";
			};
			name = Debug;
		};
		49C930C21A931C6800857B1A /* Release */ = {
			isa = XCBuildConfiguration;
			buildSettings = {
				ASSETCATALOG_COMPILER_APPICON_NAME = AppIcon;
				COMBINE_HIDPI_IMAGES = YES;
				INFOPLIST_FILE = "Make-ROV : Multi Motor Allocation/Info.plist";
				LD_RUNPATH_SEARCH_PATHS = "$(inherited) @executable_path/../Frameworks";
				PRODUCT_NAME = "$(TARGET_NAME)";
			};
			name = Release;
		};
		49C930C41A931C6800857B1A /* Debug */ = {
			isa = XCBuildConfiguration;
			buildSettings = {
				BUNDLE_LOADER = "$(TEST_HOST)";
				COMBINE_HIDPI_IMAGES = YES;
				FRAMEWORK_SEARCH_PATHS = (
					"$(DEVELOPER_FRAMEWORKS_DIR)",
					"$(inherited)",
				);
				GCC_PREPROCESSOR_DEFINITIONS = (
					"DEBUG=1",
					"$(inherited)",
				);
				INFOPLIST_FILE = "Make-ROV : Multi Motor AllocationTests/Info.plist";
				LD_RUNPATH_SEARCH_PATHS = "$(inherited) @executable_path/../Frameworks @loader_path/../Frameworks";
				PRODUCT_NAME = "$(TARGET_NAME)";
				TEST_HOST = "$(BUILT_PRODUCTS_DIR)/Make-ROV : Multi Motor Allocation.app/Contents/MacOS/Make-ROV : Multi Motor Allocation";
			};
			name = Debug;
		};
		49C930C51A931C6800857B1A /* Release */ = {
			isa = XCBuildConfiguration;
			buildSettings = {
				BUNDLE_LOADER = "$(TEST_HOST)";
				COMBINE_HIDPI_IMAGES = YES;
				FRAMEWORK_SEARCH_PATHS = (
					"$(DEVELOPER_FRAMEWORKS_DIR)",
					"$(inherited)",
				);
				INFOPLIST_FILE = "Make-ROV : Multi Motor AllocationTests/Info.plist";
				LD_RUNPATH_SEARCH_PATHS = "$(inherited) @executable_path/../Frameworks @loader_path/../Frameworks";
				PRODUCT_NAME = "$(TARGET_NAME)";
				TEST_HOST = "$(BUILT_PRODUCTS_DIR)/Make-ROV : Multi Motor Allocation.app/Contents/MacOS/Make-ROV : Multi Motor Allocation";
			};
			name = Release;
		};
/* End XCBuildConfiguration section */

/* Begin XCConfigurationList section */
		49C9309B1A931C6800857B1A /* Build configuration list for PBXProject "Make-ROV : Multi Motor Allocation" */ = {
			isa = XCConfigurationList;
			buildConfigurations = (
				49C930BE1A931C6800857B1A /* Debug */,
				49C930BF1A931C6800857B1A /* Release */,
			);
			defaultConfigurationIsVisible = 0;
			defaultConfigurationName = Release;
		};
		49C930C01A931C6800857B1A /* Build configuration list for PBXNativeTarget "Make-ROV : Multi Motor Allocation" */ = {
			isa = XCConfigurationList;
			buildConfigurations = (
				49C930C11A931C6800857B1A /* Debug */,
				49C930C21A931C6800857B1A /* Release */,
			);
			defaultConfigurationIsVisible = 0;
		};
		49C930C31A931C6800857B1A /* Build configuration list for PBXNativeTarget "Make-ROV : Multi Motor AllocationTests" */ = {
			isa = XCConfigurationList;
			buildConfigurations = (
				49C930C41A931C6800857B1A /* Debug */,
				49C930C51A931C6800857B1A /* Release */,
			);
			defaultConfigurationIsVisible = 0;
		};
/* End XCConfigurationList section */
	};
	rootObject = 49C930981A931C6800857B1A /* Project object */;
}
